// !$*UTF8*$!
{
	archiveVersion = 1;
	classes = {
	};
	objectVersion = 50;
	objects = {

/* Begin PBXBuildFile section */
		818EC066253CE7630068A18B /* x1018xApp.swift in Sources */ = {isa = PBXBuildFile; fileRef = 818EC065253CE7630068A18B /* x1018xApp.swift */; };
		818EC068253CE7630068A18B /* ContentView.swift in Sources */ = {isa = PBXBuildFile; fileRef = 818EC067253CE7630068A18B /* ContentView.swift */; };
		818EC06A253CE7670068A18B /* Assets.xcassets in Resources */ = {isa = PBXBuildFile; fileRef = 818EC069253CE7670068A18B /* Assets.xcassets */; };
		818EC06D253CE7670068A18B /* Preview Assets.xcassets in Resources */ = {isa = PBXBuildFile; fileRef = 818EC06C253CE7670068A18B /* Preview Assets.xcassets */; };
		818EC06F253CE7670068A18B /* Persistence.swift in Sources */ = {isa = PBXBuildFile; fileRef = 818EC06E253CE7670068A18B /* Persistence.swift */; };
		818EC072253CE7670068A18B /* x1018x.xcdatamodeld in Sources */ = {isa = PBXBuildFile; fileRef = 818EC070253CE7670068A18B /* x1018x.xcdatamodeld */; };
		818EC07B253CE7D70068A18B /* ContentView2.swift in Sources */ = {isa = PBXBuildFile; fileRef = 818EC07A253CE7D70068A18B /* ContentView2.swift */; };
/* End PBXBuildFile section */

/* Begin PBXFileReference section */
		818EC062253CE7630068A18B /* x1018x.app */ = {isa = PBXFileReference; explicitFileType = wrapper.application; includeInIndex = 0; path = x1018x.app; sourceTree = BUILT_PRODUCTS_DIR; };
		818EC065253CE7630068A18B /* x1018xApp.swift */ = {isa = PBXFileReference; lastKnownFileType = sourcecode.swift; path = x1018xApp.swift; sourceTree = "<group>"; };
		818EC067253CE7630068A18B /* ContentView.swift */ = {isa = PBXFileReference; lastKnownFileType = sourcecode.swift; path = ContentView.swift; sourceTree = "<group>"; };
		818EC069253CE7670068A18B /* Assets.xcassets */ = {isa = PBXFileReference; lastKnownFileType = folder.assetcatalog; path = Assets.xcassets; sourceTree = "<group>"; };
		818EC06C253CE7670068A18B /* Preview Assets.xcassets */ = {isa = PBXFileReference; lastKnownFileType = folder.assetcatalog; path = "Preview Assets.xcassets"; sourceTree = "<group>"; };
		818EC06E253CE7670068A18B /* Persistence.swift */ = {isa = PBXFileReference; lastKnownFileType = sourcecode.swift; path = Persistence.swift; sourceTree = "<group>"; };
		818EC071253CE7670068A18B /* x1018x.xcdatamodel */ = {isa = PBXFileReference; lastKnownFileType = wrapper.xcdatamodel; path = x1018x.xcdatamodel; sourceTree = "<group>"; };
		818EC073253CE7670068A18B /* Info.plist */ = {isa = PBXFileReference; lastKnownFileType = text.plist.xml; path = Info.plist; sourceTree = "<group>"; };
		818EC07A253CE7D70068A18B /* ContentView2.swift */ = {isa = PBXFileReference; lastKnownFileType = sourcecode.swift; path = ContentView2.swift; sourceTree = "<group>"; };
/* End PBXFileReference section */

/* Begin PBXFrameworksBuildPhase section */
		818EC05F253CE7630068A18B /* Frameworks */ = {
			isa = PBXFrameworksBuildPhase;
			buildActionMask = 2147483647;
			files = (
			);
			runOnlyForDeploymentPostprocessing = 0;
		};
/* End PBXFrameworksBuildPhase section */

/* Begin PBXGroup section */
		818EC059253CE7630068A18B = {
			isa = PBXGroup;
			children = (
				818EC064253CE7630068A18B /* x1018x */,
				818EC063253CE7630068A18B /* Products */,
			);
			sourceTree = "<group>";
		};
		818EC063253CE7630068A18B /* Products */ = {
			isa = PBXGroup;
			children = (
				818EC062253CE7630068A18B /* x1018x.app */,
			);
			name = Products;
			sourceTree = "<group>";
		};
		818EC064253CE7630068A18B /* x1018x */ = {
			isa = PBXGroup;
			children = (
				818EC065253CE7630068A18B /* x1018xApp.swift */,
				818EC067253CE7630068A18B /* ContentView.swift */,
				818EC07A253CE7D70068A18B /* ContentView2.swift */,
				818EC069253CE7670068A18B /* Assets.xcassets */,
				818EC06E253CE7670068A18B /* Persistence.swift */,
				818EC073253CE7670068A18B /* Info.plist */,
				818EC070253CE7670068A18B /* x1018x.xcdatamodeld */,
				818EC06B253CE7670068A18B /* Preview Content */,
			);
			path = x1018x;
			sourceTree = "<group>";
		};
		818EC06B253CE7670068A18B /* Preview Content */ = {
			isa = PBXGroup;
			children = (
				818EC06C253CE7670068A18B /* Preview Assets.xcassets */,
			);
			path = "Preview Content";
			sourceTree = "<group>";
		};
/* End PBXGroup section */

/* Begin PBXNativeTarget section */
		818EC061253CE7630068A18B /* x1018x */ = {
			isa = PBXNativeTarget;
			buildConfigurationList = 818EC076253CE7670068A18B /* Build configuration list for PBXNativeTarget "x1018x" */;
			buildPhases = (
				818EC05E253CE7630068A18B /* Sources */,
				818EC05F253CE7630068A18B /* Frameworks */,
				818EC060253CE7630068A18B /* Resources */,
			);
			buildRules = (
			);
			dependencies = (
			);
			name = x1018x;
			productName = x1018x;
			productReference = 818EC062253CE7630068A18B /* x1018x.app */;
			productType = "com.apple.product-type.application";
		};
/* End PBXNativeTarget section */

/* Begin PBXProject section */
		818EC05A253CE7630068A18B /* Project object */ = {
			isa = PBXProject;
			attributes = {
				LastSwiftUpdateCheck = 1200;
				LastUpgradeCheck = 1200;
				TargetAttributes = {
					818EC061253CE7630068A18B = {
						CreatedOnToolsVersion = 12.0.1;
					};
				};
			};
			buildConfigurationList = 818EC05D253CE7630068A18B /* Build configuration list for PBXProject "x1018x" */;
			compatibilityVersion = "Xcode 9.3";
			developmentRegion = en;
			hasScannedForEncodings = 0;
			knownRegions = (
				en,
				Base,
			);
			mainGroup = 818EC059253CE7630068A18B;
			productRefGroup = 818EC063253CE7630068A18B /* Products */;
			projectDirPath = "";
			projectRoot = "";
			targets = (
				818EC061253CE7630068A18B /* x1018x */,
			);
		};
/* End PBXProject section */

/* Begin PBXResourcesBuildPhase section */
		818EC060253CE7630068A18B /* Resources */ = {
			isa = PBXResourcesBuildPhase;
			buildActionMask = 2147483647;
			files = (
				818EC06D253CE7670068A18B /* Preview Assets.xcassets in Resources */,
				818EC06A253CE7670068A18B /* Assets.xcassets in Resources */,
			);
			runOnlyForDeploymentPostprocessing = 0;
		};
/* End PBXResourcesBuildPhase section */

/* Begin PBXSourcesBuildPhase section */
		818EC05E253CE7630068A18B /* Sources */ = {
			isa = PBXSourcesBuildPhase;
			buildActionMask = 2147483647;
			files = (
				818EC06F253CE7670068A18B /* Persistence.swift in Sources */,
				818EC072253CE7670068A18B /* x1018x.xcdatamodeld in Sources */,
				818EC068253CE7630068A18B /* ContentView.swift in Sources */,
				818EC07B253CE7D70068A18B /* ContentView2.swift in Sources */,
				818EC066253CE7630068A18B /* x1018xApp.swift in Sources */,
			);
			runOnlyForDeploymentPostprocessing = 0;
		};
/* End PBXSourcesBuildPhase section */

/* Begin XCBuildConfiguration section */
		818EC074253CE7670068A18B /* Debug */ = {
			isa = XCBuildConfiguration;
			buildSettings = {
				ALWAYS_SEARCH_USER_PATHS = NO;
				CLANG_ANALYZER_NONNULL = YES;
				CLANG_ANALYZER_NUMBER_OBJECT_CONVERSION = YES_AGGRESSIVE;
				CLANG_CXX_LANGUAGE_STANDARD = "gnu++14";
				CLANG_CXX_LIBRARY = "libc++";
				CLANG_ENABLE_MODULES = YES;
				CLANG_ENABLE_OBJC_ARC = YES;
				CLANG_ENABLE_OBJC_WEAK = YES;
				CLANG_WARN_BLOCK_CAPTURE_AUTORELEASING = YES;
				CLANG_WARN_BOOL_CONVERSION = YES;
				CLANG_WARN_COMMA = YES;
				CLANG_WARN_CONSTANT_CONVERSION = YES;
				CLANG_WARN_DEPRECATED_OBJC_IMPLEMENTATIONS = YES;
				CLANG_WARN_DIRECT_OBJC_ISA_USAGE = YES_ERROR;
				CLANG_WARN_DOCUMENTATION_COMMENTS = YES;
				CLANG_WARN_EMPTY_BODY = YES;
				CLANG_WARN_ENUM_CONVERSION = YES;
				CLANG_WARN_INFINITE_RECURSION = YES;
				CLANG_WARN_INT_CONVERSION = YES;
				CLANG_WARN_NON_LITERAL_NULL_CONVERSION = YES;
				CLANG_WARN_OBJC_IMPLICIT_RETAIN_SELF = YES;
				CLANG_WARN_OBJC_LITERAL_CONVERSION = YES;
				CLANG_WARN_OBJC_ROOT_CLASS = YES_ERROR;
				CLANG_WARN_QUOTED_INCLUDE_IN_FRAMEWORK_HEADER = YES;
				CLANG_WARN_RANGE_LOOP_ANALYSIS = YES;
				CLANG_WARN_STRICT_PROTOTYPES = YES;
				CLANG_WARN_SUSPICIOUS_MOVE = YES;
				CLANG_WARN_UNGUARDED_AVAILABILITY = YES_AGGRESSIVE;
				CLANG_WARN_UNREACHABLE_CODE = YES;
				CLANG_WARN__DUPLICATE_METHOD_MATCH = YES;
				COPY_PHASE_STRIP = NO;
				DEBUG_INFORMATION_FORMAT = dwarf;
				ENABLE_STRICT_OBJC_MSGSEND = YES;
				ENABLE_TESTABILITY = YES;
				GCC_C_LANGUAGE_STANDARD = gnu11;
				GCC_DYNAMIC_NO_PIC = NO;
				GCC_NO_COMMON_BLOCKS = YES;
				GCC_OPTIMIZATION_LEVEL = 0;
				GCC_PREPROCESSOR_DEFINITIONS = (
					"DEBUG=1",
					"$(inherited)",
				);
				GCC_WARN_64_TO_32_BIT_CONVERSION = YES;
				GCC_WARN_ABOUT_RETURN_TYPE = YES_ERROR;
				GCC_WARN_UNDECLARED_SELECTOR = YES;
				GCC_WARN_UNINITIALIZED_AUTOS = YES_AGGRESSIVE;
				GCC_WARN_UNUSED_FUNCTION = YES;
				GCC_WARN_UNUSED_VARIABLE = YES;
				IPHONEOS_DEPLOYMENT_TARGET = 14.0;
				MTL_ENABLE_DEBUG_INFO = INCLUDE_SOURCE;
				MTL_FAST_MATH = YES;
				ONLY_ACTIVE_ARCH = YES;
				SDKROOT = iphoneos;
				SWIFT_ACTIVE_COMPILATION_CONDITIONS = DEBUG;
				SWIFT_OPTIMIZATION_LEVEL = "-Onone";
			};
			name = Debug;
		};
		818EC075253CE7670068A18B /* Release */ = {
			isa = XCBuildConfiguration;
			buildSettings = {
				ALWAYS_SEARCH_USER_PATHS = NO;
				CLANG_ANALYZER_NONNULL = YES;
				CLANG_ANALYZER_NUMBER_OBJECT_CONVERSION = YES_AGGRESSIVE;
				CLANG_CXX_LANGUAGE_STANDARD = "gnu++14";
				CLANG_CXX_LIBRARY = "libc++";
				CLANG_ENABLE_MODULES = YES;
				CLANG_ENABLE_OBJC_ARC = YES;
				CLANG_ENABLE_OBJC_WEAK = YES;
				CLANG_WARN_BLOCK_CAPTURE_AUTORELEASING = YES;
				CLANG_WARN_BOOL_CONVERSION = YES;
				CLANG_WARN_COMMA = YES;
				CLANG_WARN_CONSTANT_CONVERSION = YES;
				CLANG_WARN_DEPRECATED_OBJC_IMPLEMENTATIONS = YES;
				CLANG_WARN_DIRECT_OBJC_ISA_USAGE = YES_ERROR;
				CLANG_WARN_DOCUMENTATION_COMMENTS = YES;
				CLANG_WARN_EMPTY_BODY = YES;
				CLANG_WARN_ENUM_CONVERSION = YES;
				CLANG_WARN_INFINITE_RECURSION = YES;
				CLANG_WARN_INT_CONVERSION = YES;
				CLANG_WARN_NON_LITERAL_NULL_CONVERSION = YES;
				CLANG_WARN_OBJC_IMPLICIT_RETAIN_SELF = YES;
				CLANG_WARN_OBJC_LITERAL_CONVERSION = YES;
				CLANG_WARN_OBJC_ROOT_CLASS = YES_ERROR;
				CLANG_WARN_QUOTED_INCLUDE_IN_FRAMEWORK_HEADER = YES;
				CLANG_WARN_RANGE_LOOP_ANALYSIS = YES;
				CLANG_WARN_STRICT_PROTOTYPES = YES;
				CLANG_WARN_SUSPICIOUS_MOVE = YES;
				CLANG_WARN_UNGUARDED_AVAILABILITY = YES_AGGRESSIVE;
				CLANG_WARN_UNREACHABLE_CODE = YES;
				CLANG_WARN__DUPLICATE_METHOD_MATCH = YES;
				COPY_PHASE_STRIP = NO;
				DEBUG_INFORMATION_FORMAT = "dwarf-with-dsym";
				ENABLE_NS_ASSERTIONS = NO;
				ENABLE_STRICT_OBJC_MSGSEND = YES;
				GCC_C_LANGUAGE_STANDARD = gnu11;
				GCC_NO_COMMON_BLOCKS = YES;
				GCC_WARN_64_TO_32_BIT_CONVERSION = YES;
				GCC_WARN_ABOUT_RETURN_TYPE = YES_ERROR;
				GCC_WARN_UNDECLARED_SELECTOR = YES;
				GCC_WARN_UNINITIALIZED_AUTOS = YES_AGGRESSIVE;
				GCC_WARN_UNUSED_FUNCTION = YES;
				GCC_WARN_UNUSED_VARIABLE = YES;
				IPHONEOS_DEPLOYMENT_TARGET = 14.0;
				MTL_ENABLE_DEBUG_INFO = NO;
				MTL_FAST_MATH = YES;
				SDKROOT = iphoneos;
				SWIFT_COMPILATION_MODE = wholemodule;
				SWIFT_OPTIMIZATION_LEVEL = "-O";
				VALIDATE_PRODUCT = YES;
			};
			name = Release;
		};
		818EC077253CE7670068A18B /* Debug */ = {
			isa = XCBuildConfiguration;
			buildSettings = {
				ASSETCATALOG_COMPILER_APPICON_NAME = AppIcon;
				ASSETCATALOG_COMPILER_GLOBAL_ACCENT_COLOR_NAME = AccentColor;
				CODE_SIGN_STYLE = Automatic;
				DEVELOPMENT_ASSET_PATHS = "\"x1018x/Preview Content\"";
				DEVELOPMENT_TEAM = YRV7LRNKL3;
				ENABLE_PREVIEWS = YES;
				INFOPLIST_FILE = x1018x/Info.plist;
				IPHONEOS_DEPLOYMENT_TARGET = 14.0;
				LD_RUNPATH_SEARCH_PATHS = (
					"$(inherited)",
					"@executable_path/Frameworks",
				);
				PRODUCT_BUNDLE_IDENTIFIER = com.aaronkorn.x1018x;
				PRODUCT_NAME = "$(TARGET_NAME)";
				SWIFT_VERSION = 5.0;
				TARGETED_DEVICE_FAMILY = "1,2";
			};
			name = Debug;
		};
		818EC078253CE7670068A18B /* Release */ = {
			isa = XCBuildConfiguration;
			buildSettings = {
				ASSETCATALOG_COMPILER_APPICON_NAME = AppIcon;
				ASSETCATALOG_COMPILER_GLOBAL_ACCENT_COLOR_NAME = AccentColor;
				CODE_SIGN_STYLE = Automatic;
				DEVELOPMENT_ASSET_PATHS = "\"x1018x/Preview Content\"";
				DEVELOPMENT_TEAM = YRV7LRNKL3;
				ENABLE_PREVIEWS = YES;
				INFOPLIST_FILE = x1018x/Info.plist;
				IPHONEOS_DEPLOYMENT_TARGET = 14.0;
				LD_RUNPATH_SEARCH_PATHS = (
					"$(inherited)",
					"@executable_path/Frameworks",
				);
				PRODUCT_BUNDLE_IDENTIFIER = com.aaronkorn.x1018x;
				PRODUCT_NAME = "$(TARGET_NAME)";
				SWIFT_VERSION = 5.0;
				TARGETED_DEVICE_FAMILY = "1,2";
			};
			name = Release;
		};
/* End XCBuildConfiguration section */

/* Begin XCConfigurationList section */
		818EC05D253CE7630068A18B /* Build configuration list for PBXProject "x1018x" */ = {
			isa = XCConfigurationList;
			buildConfigurations = (
				818EC074253CE7670068A18B /* Debug */,
				818EC075253CE7670068A18B /* Release */,
			);
			defaultConfigurationIsVisible = 0;
			defaultConfigurationName = Release;
		};
		818EC076253CE7670068A18B /* Build configuration list for PBXNativeTarget "x1018x" */ = {
			isa = XCConfigurationList;
			buildConfigurations = (
				818EC077253CE7670068A18B /* Debug */,
				818EC078253CE7670068A18B /* Release */,
			);
			defaultConfigurationIsVisible = 0;
			defaultConfigurationName = Release;
		};
/* End XCConfigurationList section */

/* Begin XCVersionGroup section */
		818EC070253CE7670068A18B /* x1018x.xcdatamodeld */ = {
			isa = XCVersionGroup;
			children = (
				818EC071253CE7670068A18B /* x1018x.xcdatamodel */,
			);
			currentVersion = 818EC071253CE7670068A18B /* x1018x.xcdatamodel */;
			path = x1018x.xcdatamodeld;
			sourceTree = "<group>";
			versionGroupType = wrapper.xcdatamodel;
		};
/* End XCVersionGroup section */
	};
	rootObject = 818EC05A253CE7630068A18B /* Project object */;
}
